# This file is automatically @generated by Poetry 1.8.3 and should not be changed by hand.

[[package]]
name = "cbor2"
version = "5.6.4"
description = "CBOR (de)serializer with extensive tag support"
optional = false
python-versions = ">=3.8"
files = [
    {file = "cbor2-5.6.4-cp310-cp310-macosx_10_9_x86_64.whl", hash = "sha256:c40c68779a363f47a11ded7b189ba16767391d5eae27fac289e7f62b730ae1fc"},
    {file = "cbor2-5.6.4-cp310-cp310-macosx_11_0_arm64.whl", hash = "sha256:c0625c8d3c487e509458459de99bf052f62eb5d773cc9fc141c6a6ea9367726d"},
    {file = "cbor2-5.6.4-cp310-cp310-manylinux_2_17_aarch64.manylinux2014_aarch64.whl", hash = "sha256:de7137622204168c3a57882f15dd09b5135bda2bcb1cf8b56b58d26b5150dfca"},
    {file = "cbor2-5.6.4-cp310-cp310-manylinux_2_17_x86_64.manylinux2014_x86_64.whl", hash = "sha256:e3545e1e62ec48944b81da2c0e0a736ca98b9e4653c2365cae2f10ae871e9113"},
    {file = "cbor2-5.6.4-cp310-cp310-musllinux_1_1_aarch64.whl", hash = "sha256:d6749913cd00a24eba17406a0bfc872044036c30a37eb2fcde7acfd975317e8a"},
    {file = "cbor2-5.6.4-cp310-cp310-musllinux_1_1_x86_64.whl", hash = "sha256:57db966ab08443ee54b6f154f72021a41bfecd4ba897fe108728183ad8784a2a"},
    {file = "cbor2-5.6.4-cp310-cp310-win_amd64.whl", hash = "sha256:380e0c7f4db574dcd86e6eee1b0041863b0aae7efd449d49b0b784cf9a481b9b"},
    {file = "cbor2-5.6.4-cp311-cp311-macosx_10_9_x86_64.whl", hash = "sha256:5c763d50a1714e0356b90ad39194fc8ef319356b89fb001667a2e836bfde88e3"},
    {file = "cbor2-5.6.4-cp311-cp311-macosx_11_0_arm64.whl", hash = "sha256:58a7ac8861857a9f9b0de320a4808a2a5f68a2599b4c14863e2748d5a4686c99"},
    {file = "cbor2-5.6.4-cp311-cp311-manylinux_2_17_aarch64.manylinux2014_aarch64.whl", hash = "sha256:7d715b2f101730335e84a25fe0893e2b6adf049d6d44da123bf243b8c875ffd8"},
    {file = "cbor2-5.6.4-cp311-cp311-manylinux_2_17_x86_64.manylinux2014_x86_64.whl", hash = "sha256:3f53a67600038cb9668720b309fdfafa8c16d1a02570b96d2144d58d66774318"},
    {file = "cbor2-5.6.4-cp311-cp311-musllinux_1_1_aarch64.whl", hash = "sha256:f898bab20c4f42dca3688c673ff97c2f719b1811090430173c94452603fbcf13"},
    {file = "cbor2-5.6.4-cp311-cp311-musllinux_1_1_x86_64.whl", hash = "sha256:5e5d50fb9f47d295c1b7f55592111350424283aff4cc88766c656aad0300f11f"},
    {file = "cbor2-5.6.4-cp311-cp311-win_amd64.whl", hash = "sha256:7f9d867dcd814ab8383ad132eb4063e2b69f6a9f688797b7a8ca34a4eadb3944"},
    {file = "cbor2-5.6.4-cp312-cp312-macosx_10_9_x86_64.whl", hash = "sha256:e0860ca88edf8aaec5461ce0e498eb5318f1bcc70d93f90091b7a1f1d351a167"},
    {file = "cbor2-5.6.4-cp312-cp312-macosx_11_0_arm64.whl", hash = "sha256:c38a0ed495a63a8bef6400158746a9cb03c36f89aeed699be7ffebf82720bf86"},
    {file = "cbor2-5.6.4-cp312-cp312-manylinux_2_17_aarch64.manylinux2014_aarch64.whl", hash = "sha256:0c8d8c2f208c223a61bed48dfd0661694b891e423094ed30bac2ed75032142aa"},
    {file = "cbor2-5.6.4-cp312-cp312-manylinux_2_17_x86_64.manylinux2014_x86_64.whl", hash = "sha256:24cd2ce6136e1985da989e5ba572521023a320dcefad5d1fff57fba261de80ca"},
    {file = "cbor2-5.6.4-cp312-cp312-musllinux_1_1_aarch64.whl", hash = "sha256:7facce04aed2bf69ef43bdffb725446fe243594c2451921e89cc305bede16f02"},
    {file = "cbor2-5.6.4-cp312-cp312-musllinux_1_1_x86_64.whl", hash = "sha256:f9c8ee0d89411e5e039a4f3419befe8b43c0dd8746eedc979e73f4c06fe0ef97"},
    {file = "cbor2-5.6.4-cp312-cp312-win_amd64.whl", hash = "sha256:9b45d554daa540e2f29f1747df9f08f8d98ade65a67b1911791bc193d33a5923"},
    {file = "cbor2-5.6.4-cp38-cp38-macosx_10_9_x86_64.whl", hash = "sha256:0a5cb2c16687ccd76b38cfbfdb34468ab7d5635fb92c9dc5e07831c1816bd0a9"},
    {file = "cbor2-5.6.4-cp38-cp38-macosx_11_0_arm64.whl", hash = "sha256:6f985f531f7495527153c4f66c8c143e4cf8a658ec9e87b14bc5438e0a8d0911"},
    {file = "cbor2-5.6.4-cp38-cp38-manylinux_2_17_aarch64.manylinux2014_aarch64.whl", hash = "sha256:a9d9c7b4bd7c3ea7e5587d4f1bbe073b81719530ddadb999b184074f064896e2"},
    {file = "cbor2-5.6.4-cp38-cp38-manylinux_2_17_x86_64.manylinux2014_x86_64.whl", hash = "sha256:64d06184dcdc275c389fee3cd0ea80b5e1769763df15f93ecd0bf4c281817365"},
    {file = "cbor2-5.6.4-cp38-cp38-musllinux_1_1_aarch64.whl", hash = "sha256:e9ba7116f201860fb4c3e80ef36be63851ec7e4a18af70fea22d09cab0b000bf"},
    {file = "cbor2-5.6.4-cp38-cp38-musllinux_1_1_x86_64.whl", hash = "sha256:341468ae58bdedaa05c907ab16e90dd0d5c54d7d1e66698dfacdbc16a31e815b"},
    {file = "cbor2-5.6.4-cp38-cp38-win_amd64.whl", hash = "sha256:bcb4994be1afcc81f9167c220645d878b608cae92e19f6706e770f9bc7bbff6c"},
    {file = "cbor2-5.6.4-cp39-cp39-macosx_10_9_x86_64.whl", hash = "sha256:41c43abffe217dce70ae51c7086530687670a0995dfc90cc35f32f2cf4d86392"},
    {file = "cbor2-5.6.4-cp39-cp39-macosx_11_0_arm64.whl", hash = "sha256:227a7e68ba378fe53741ed892b5b03fe472b5bd23ef26230a71964accebf50a2"},
    {file = "cbor2-5.6.4-cp39-cp39-manylinux_2_17_aarch64.manylinux2014_aarch64.whl", hash = "sha256:13521b7c9a0551fcc812d36afd03fc554fa4e1b193659bb5d4d521889aa81154"},
    {file = "cbor2-5.6.4-cp39-cp39-manylinux_2_17_x86_64.manylinux2014_x86_64.whl", hash = "sha256:6f4816d290535d20c7b7e2663b76da5b0deb4237b90275c202c26343d8852b8a"},
    {file = "cbor2-5.6.4-cp39-cp39-musllinux_1_1_aarch64.whl", hash = "sha256:1e98d370106821335efcc8fbe4136ea26b4747bf29ca0e66512b6c4f6f5cc59f"},
    {file = "cbor2-5.6.4-cp39-cp39-musllinux_1_1_x86_64.whl", hash = "sha256:68743a18e16167ff37654a29321f64f0441801dba68359c82dc48173cc6c87e1"},
    {file = "cbor2-5.6.4-cp39-cp39-win_amd64.whl", hash = "sha256:7ba5e9c6ed17526d266a1116c045c0941f710860c5f2495758df2e0d848c1b6d"},
    {file = "cbor2-5.6.4-py3-none-any.whl", hash = "sha256:fe411c4bf464f5976605103ebcd0f60b893ac3e4c7c8d8bc8f4a0cb456e33c60"},
    {file = "cbor2-5.6.4.tar.gz", hash = "sha256:1c533c50dde86bef1c6950602054a0ffa3c376e8b0e20c7b8f5b108793f6983e"},
]

[package.extras]
benchmarks = ["pytest-benchmark (==4.0.0)"]
doc = ["Sphinx (>=7)", "packaging", "sphinx-autodoc-typehints (>=1.2.0)", "sphinx-rtd-theme (>=1.3.0)", "typing-extensions"]
test = ["coverage (>=7)", "hypothesis", "pytest"]

[[package]]
name = "crytic-compile"
version = "0.3.7"
description = "Util to facilitate smart contracts compilation."
optional = false
python-versions = "!=3.12.0,>=3.8"
files = [
    {file = "crytic-compile-0.3.7.tar.gz", hash = "sha256:c7713d924544934d063e68313da8d588a3ad82cd4f40eae30d99f2dd6e640d4b"},
    {file = "crytic_compile-0.3.7-py3-none-any.whl", hash = "sha256:bd8fc87f89afea5db714df13e302dcbaf50dd7c806fa424ace661384aa60634b"},
]

[package.dependencies]
cbor2 = "*"
pycryptodome = ">=3.4.6"
solc-select = ">=v1.0.4"

[package.extras]
dev = ["crytic-compile[doc,lint,test]"]
doc = ["pdoc"]
lint = ["black (==22.3.0)", "darglint (==1.8.0)", "mypy (==0.942)", "pylint (==2.13.4)"]
test = ["pytest", "pytest-cov"]

[[package]]
name = "halmos"
version = "0.1.14.dev15+g060a6d8"
description = "A symbolic testing tool for EVM smart contracts"
optional = false
python-versions = ">=3.9"
files = []
develop = false

[package.dependencies]
sortedcontainers = ">=2.4.0"
toml = ">=0.10.2"
z3-solver = "4.12.6.0"

[package.source]
type = "git"
url = "https://github.com/a16z/halmos"
reference = "HEAD"
resolved_reference = "060a6d89f868ac1ec266d8796aaeb6ee22f069d7"

[[package]]
name = "packaging"
version = "24.1"
description = "Core utilities for Python packages"
optional = false
python-versions = ">=3.8"
files = [
    {file = "packaging-24.1-py3-none-any.whl", hash = "sha256:5b8f2217dbdbd2f7f384c41c628544e6d52f2d0f53c6d0c3ea61aa5d1d7ff124"},
    {file = "packaging-24.1.tar.gz", hash = "sha256:026ed72c8ed3fcce5bf8950572258698927fd1dbda10a5e981cdf0ac37f4f002"},
]

[[package]]
name = "pycryptodome"
version = "3.20.0"
description = "Cryptographic library for Python"
optional = false
python-versions = ">=2.7, !=3.0.*, !=3.1.*, !=3.2.*, !=3.3.*, !=3.4.*"
files = [
    {file = "pycryptodome-3.20.0-cp27-cp27m-macosx_10_9_x86_64.whl", hash = "sha256:f0e6d631bae3f231d3634f91ae4da7a960f7ff87f2865b2d2b831af1dfb04e9a"},
    {file = "pycryptodome-3.20.0-cp27-cp27m-manylinux2010_i686.whl", hash = "sha256:baee115a9ba6c5d2709a1e88ffe62b73ecc044852a925dcb67713a288c4ec70f"},
    {file = "pycryptodome-3.20.0-cp27-cp27m-manylinux2010_x86_64.whl", hash = "sha256:417a276aaa9cb3be91f9014e9d18d10e840a7a9b9a9be64a42f553c5b50b4d1d"},
    {file = "pycryptodome-3.20.0-cp27-cp27m-manylinux_2_17_aarch64.manylinux2014_aarch64.whl", hash = "sha256:2a1250b7ea809f752b68e3e6f3fd946b5939a52eaeea18c73bdab53e9ba3c2dd"},
    {file = "pycryptodome-3.20.0-cp27-cp27m-musllinux_1_1_aarch64.whl", hash = "sha256:d5954acfe9e00bc83ed9f5cb082ed22c592fbbef86dc48b907238be64ead5c33"},
    {file = "pycryptodome-3.20.0-cp27-cp27m-win32.whl", hash = "sha256:06d6de87c19f967f03b4cf9b34e538ef46e99a337e9a61a77dbe44b2cbcf0690"},
    {file = "pycryptodome-3.20.0-cp27-cp27m-win_amd64.whl", hash = "sha256:ec0bb1188c1d13426039af8ffcb4dbe3aad1d7680c35a62d8eaf2a529b5d3d4f"},
    {file = "pycryptodome-3.20.0-cp27-cp27mu-manylinux2010_i686.whl", hash = "sha256:5601c934c498cd267640b57569e73793cb9a83506f7c73a8ec57a516f5b0b091"},
    {file = "pycryptodome-3.20.0-cp27-cp27mu-manylinux2010_x86_64.whl", hash = "sha256:d29daa681517f4bc318cd8a23af87e1f2a7bad2fe361e8aa29c77d652a065de4"},
    {file = "pycryptodome-3.20.0-cp27-cp27mu-manylinux_2_17_aarch64.manylinux2014_aarch64.whl", hash = "sha256:3427d9e5310af6680678f4cce149f54e0bb4af60101c7f2c16fdf878b39ccccc"},
    {file = "pycryptodome-3.20.0-cp27-cp27mu-musllinux_1_1_aarch64.whl", hash = "sha256:3cd3ef3aee1079ae44afaeee13393cf68b1058f70576b11439483e34f93cf818"},
    {file = "pycryptodome-3.20.0-cp35-abi3-macosx_10_9_universal2.whl", hash = "sha256:ac1c7c0624a862f2e53438a15c9259d1655325fc2ec4392e66dc46cdae24d044"},
    {file = "pycryptodome-3.20.0-cp35-abi3-macosx_10_9_x86_64.whl", hash = "sha256:76658f0d942051d12a9bd08ca1b6b34fd762a8ee4240984f7c06ddfb55eaf15a"},
    {file = "pycryptodome-3.20.0-cp35-abi3-manylinux_2_17_aarch64.manylinux2014_aarch64.whl", hash = "sha256:f35d6cee81fa145333137009d9c8ba90951d7d77b67c79cbe5f03c7eb74d8fe2"},
    {file = "pycryptodome-3.20.0-cp35-abi3-manylinux_2_17_x86_64.manylinux2014_x86_64.whl", hash = "sha256:76cb39afede7055127e35a444c1c041d2e8d2f1f9c121ecef573757ba4cd2c3c"},
    {file = "pycryptodome-3.20.0-cp35-abi3-manylinux_2_5_i686.manylinux1_i686.manylinux_2_17_i686.manylinux2014_i686.whl", hash = "sha256:49a4c4dc60b78ec41d2afa392491d788c2e06edf48580fbfb0dd0f828af49d25"},
    {file = "pycryptodome-3.20.0-cp35-abi3-musllinux_1_1_aarch64.whl", hash = "sha256:fb3b87461fa35afa19c971b0a2b7456a7b1db7b4eba9a8424666104925b78128"},
    {file = "pycryptodome-3.20.0-cp35-abi3-musllinux_1_1_i686.whl", hash = "sha256:acc2614e2e5346a4a4eab6e199203034924313626f9620b7b4b38e9ad74b7e0c"},
    {file = "pycryptodome-3.20.0-cp35-abi3-musllinux_1_1_x86_64.whl", hash = "sha256:210ba1b647837bfc42dd5a813cdecb5b86193ae11a3f5d972b9a0ae2c7e9e4b4"},
    {file = "pycryptodome-3.20.0-cp35-abi3-win32.whl", hash = "sha256:8d6b98d0d83d21fb757a182d52940d028564efe8147baa9ce0f38d057104ae72"},
    {file = "pycryptodome-3.20.0-cp35-abi3-win_amd64.whl", hash = "sha256:9b3ae153c89a480a0ec402e23db8d8d84a3833b65fa4b15b81b83be9d637aab9"},
    {file = "pycryptodome-3.20.0-pp27-pypy_73-manylinux2010_x86_64.whl", hash = "sha256:4401564ebf37dfde45d096974c7a159b52eeabd9969135f0426907db367a652a"},
    {file = "pycryptodome-3.20.0-pp27-pypy_73-win32.whl", hash = "sha256:ec1f93feb3bb93380ab0ebf8b859e8e5678c0f010d2d78367cf6bc30bfeb148e"},
    {file = "pycryptodome-3.20.0-pp310-pypy310_pp73-macosx_10_9_x86_64.whl", hash = "sha256:acae12b9ede49f38eb0ef76fdec2df2e94aad85ae46ec85be3648a57f0a7db04"},
    {file = "pycryptodome-3.20.0-pp310-pypy310_pp73-manylinux_2_17_x86_64.manylinux2014_x86_64.whl", hash = "sha256:f47888542a0633baff535a04726948e876bf1ed880fddb7c10a736fa99146ab3"},
    {file = "pycryptodome-3.20.0-pp310-pypy310_pp73-manylinux_2_5_i686.manylinux1_i686.manylinux_2_17_i686.manylinux2014_i686.whl", hash = "sha256:6e0e4a987d38cfc2e71b4a1b591bae4891eeabe5fa0f56154f576e26287bfdea"},
    {file = "pycryptodome-3.20.0-pp310-pypy310_pp73-win_amd64.whl", hash = "sha256:c18b381553638414b38705f07d1ef0a7cf301bc78a5f9bc17a957eb19446834b"},
    {file = "pycryptodome-3.20.0-pp39-pypy39_pp73-macosx_10_9_x86_64.whl", hash = "sha256:a60fedd2b37b4cb11ccb5d0399efe26db9e0dd149016c1cc6c8161974ceac2d6"},
    {file = "pycryptodome-3.20.0-pp39-pypy39_pp73-manylinux_2_17_x86_64.manylinux2014_x86_64.whl", hash = "sha256:405002eafad114a2f9a930f5db65feef7b53c4784495dd8758069b89baf68eab"},
    {file = "pycryptodome-3.20.0-pp39-pypy39_pp73-manylinux_2_5_i686.manylinux1_i686.manylinux_2_17_i686.manylinux2014_i686.whl", hash = "sha256:2ab6ab0cb755154ad14e507d1df72de9897e99fd2d4922851a276ccc14f4f1a5"},
    {file = "pycryptodome-3.20.0-pp39-pypy39_pp73-win_amd64.whl", hash = "sha256:acf6e43fa75aca2d33e93409f2dafe386fe051818ee79ee8a3e21de9caa2ac9e"},
    {file = "pycryptodome-3.20.0.tar.gz", hash = "sha256:09609209ed7de61c2b560cc5c8c4fbf892f8b15b1faf7e4cbffac97db1fffda7"},
]

[[package]]
name = "slither"
version = "0.3.0"
description = "A Python module that uses PyGame to bring Scratch-like features to Python"
optional = false
python-versions = "*"
files = [
    {file = "slither-0.3.0.tar.gz", hash = "sha256:79741e6020f032084f55f4d115b62fbf8b24e6803029e8d36e0cfc2b56c4f64c"},
]

[[package]]
name = "solc-select"
version = "1.0.4"
description = "Manage multiple Solidity compiler versions."
optional = false
python-versions = ">=3.6"
files = [
    {file = "solc-select-1.0.4.tar.gz", hash = "sha256:db7b9de009af6de3a5416b80bbe5b6d636bf314703c016319b8c1231e248a6c7"},
    {file = "solc_select-1.0.4-py3-none-any.whl", hash = "sha256:9a28b8a612ff18a171929d23e2ed68a6263f4e11784fc47fa81476a3219874cb"},
]

[package.dependencies]
packaging = "*"
pycryptodome = ">=3.4.6"

[[package]]
name = "sortedcontainers"
version = "2.4.0"
description = "Sorted Containers -- Sorted List, Sorted Dict, Sorted Set"
optional = false
python-versions = "*"
files = [
    {file = "sortedcontainers-2.4.0-py2.py3-none-any.whl", hash = "sha256:a163dcaede0f1c021485e957a39245190e74249897e2ae4b2aa38595db237ee0"},
    {file = "sortedcontainers-2.4.0.tar.gz", hash = "sha256:25caa5a06cc30b6b83d11423433f65d1f9d76c4c6a0c90e3379eaa43b9bfdb88"},
]

[[package]]
name = "toml"
version = "0.10.2"
description = "Python Library for Tom's Obvious, Minimal Language"
optional = false
python-versions = ">=2.6, !=3.0.*, !=3.1.*, !=3.2.*"
files = [
    {file = "toml-0.10.2-py2.py3-none-any.whl", hash = "sha256:806143ae5bfb6a3c6e736a764057db0e6a0e05e338b5630894a5f779cabb4f9b"},
    {file = "toml-0.10.2.tar.gz", hash = "sha256:b3bda1d108d5dd99f4a20d24d9c348e91c4db7ab1b749200bded2f839ccbe68f"},
]

[[package]]
name = "z3-solver"
version = "4.12.6.0"
description = "an efficient SMT solver library"
optional = false
python-versions = "*"
files = [
    {file = "z3-solver-4.12.6.0.tar.gz", hash = "sha256:9a0f30e9648ee2649adc301dbf91470bc1600f34112ffeaf1063f8a8075e1a48"},
    {file = "z3_solver-4.12.6.0-py2.py3-none-macosx_11_0_arm64.whl", hash = "sha256:9347c9c4f966c97c807f73b1b4365d11dbb25e390b3908b1c3a6e3bceff62e6d"},
    {file = "z3_solver-4.12.6.0-py2.py3-none-macosx_11_0_x86_64.whl", hash = "sha256:359d2af6dbcc017dadb99f286b39df101edf6ac9a45332ba15c0a2012ff46d45"},
    {file = "z3_solver-4.12.6.0-py2.py3-none-manylinux2014_x86_64.whl", hash = "sha256:dca097b9a3026a63019eba65fe7ad120dcccec847cc33a7c0e548cfe324680fc"},
    {file = "z3_solver-4.12.6.0-py2.py3-none-win32.whl", hash = "sha256:d795fd1a25416f9164ba6be8750c66732d998c645234b6d7f1b801b7ba5f67d4"},
    {file = "z3_solver-4.12.6.0-py2.py3-none-win_amd64.whl", hash = "sha256:95a3725f43ec8cf2d4e7733327cdf2b9ff9caa09e0511e2b1a059000f211f605"},
]

[metadata]
lock-version = "2.0"
python-versions = "3.11.9"
content-hash = "34c78a057bfeaf4dbae236fbbe1c5d7651667ad286f02c0fd1ebd86f1b0edb7b"
